
Microsoft Visual Studio Solution File, Format Version 12.00
# Visual Studio Version 17
VisualStudioVersion = 17.9.34723.18
MinimumVisualStudioVersion = 10.0.40219.1
Project("{FAE04EC0-301F-11D3-BF4B-00C04F79EFBC}") = "JinKinServerDockerCICDNetCoreApp", "JinKinServerDockerCICDNetCoreApp\JinKinServerDockerCICDNetCoreApp.csproj", "{6E89FBDA-5E99-476C-B22D-8A9A78998758}"
EndProject
Global
	GlobalSection(SolutionConfigurationPlatforms) = preSolution
		Debug|Any CPU = Debug|Any CPU
		Release|Any CPU = Release|Any CPU
	EndGlobalSection
	GlobalSection(ProjectConfigurationPlatforms) = postSolution
		{6E89FBDA-5E99-476C-B22D-8A9A78998758}.Debug|Any CPU.ActiveCfg = Debug|Any CPU
		{6E89FBDA-5E99-476C-B22D-8A9A78998758}.Debug|Any CPU.Build.0 = Debug|Any CPU
		{6E89FBDA-5E99-476C-B22D-8A9A78998758}.Release|Any CPU.ActiveCfg = Release|Any CPU
		{6E89FBDA-5E99-476C-B22D-8A9A78998758}.Release|Any CPU.Build.0 = Release|Any CPU
	EndGlobalSection
	GlobalSection(SolutionProperties) = preSolution
		HideSolutionNode = FALSE
	EndGlobalSection
	GlobalSection(ExtensibilityGlobals) = postSolution
		SolutionGuid = {B39235C4-E12F-428D-8F60-7D5F0B8A849D}
	EndGlobalSection
EndGlobal
